
Microsoft Visual Studio Solution File, Format Version 12.00
# Visual Studio Version 17
VisualStudioVersion = 17.5.33627.172
MinimumVisualStudioVersion = 10.0.40219.1
Project("{FAE04EC0-301F-11D3-BF4B-00C04F79EFBC}") = "Sem12.Android", "Sem12\Sem12.Android\Sem12.Android.csproj", "{6A7F82BF-64C5-4E17-9242-F72A54686224}"
EndProject
Project("{FAE04EC0-301F-11D3-BF4B-00C04F79EFBC}") = "Sem12.iOS", "Sem12\Sem12.iOS\Sem12.iOS.csproj", "{AE0FE3EA-A701-445C-822B-17A3603AA9DC}"
EndProject
Project("{FAE04EC0-301F-11D3-BF4B-00C04F79EFBC}") = "Sem12", "Sem12\Sem12\Sem12.csproj", "{BACBE214-49EA-45A7-AC67-6C4535968260}"
EndProject
Global
	GlobalSection(SolutionConfigurationPlatforms) = preSolution
		Debug|Any CPU = Debug|Any CPU
		Debug|iPhone = Debug|iPhone
		Debug|iPhoneSimulator = Debug|iPhoneSimulator
		Release|Any CPU = Release|Any CPU
		Release|iPhone = Release|iPhone
		Release|iPhoneSimulator = Release|iPhoneSimulator
	EndGlobalSection
	GlobalSection(ProjectConfigurationPlatforms) = postSolution
		{6A7F82BF-64C5-4E17-9242-F72A54686224}.Debug|Any CPU.ActiveCfg = Debug|Any CPU
		{6A7F82BF-64C5-4E17-9242-F72A54686224}.Debug|Any CPU.Build.0 = Debug|Any CPU
		{6A7F82BF-64C5-4E17-9242-F72A54686224}.Debug|Any CPU.Deploy.0 = Debug|Any CPU
		{6A7F82BF-64C5-4E17-9242-F72A54686224}.Debug|iPhone.ActiveCfg = Debug|Any CPU
		{6A7F82BF-64C5-4E17-9242-F72A54686224}.Debug|iPhone.Build.0 = Debug|Any CPU
		{6A7F82BF-64C5-4E17-9242-F72A54686224}.Debug|iPhone.Deploy.0 = Debug|Any CPU
		{6A7F82BF-64C5-4E17-9242-F72A54686224}.Debug|iPhoneSimulator.ActiveCfg = Debug|Any CPU
		{6A7F82BF-64C5-4E17-9242-F72A54686224}.Debug|iPhoneSimulator.Build.0 = Debug|Any CPU
		{6A7F82BF-64C5-4E17-9242-F72A54686224}.Debug|iPhoneSimulator.Deploy.0 = Debug|Any CPU
		{6A7F82BF-64C5-4E17-9242-F72A54686224}.Release|Any CPU.ActiveCfg = Release|Any CPU
		{6A7F82BF-64C5-4E17-9242-F72A54686224}.Release|Any CPU.Build.0 = Release|Any CPU
		{6A7F82BF-64C5-4E17-9242-F72A54686224}.Release|Any CPU.Deploy.0 = Release|Any CPU
		{6A7F82BF-64C5-4E17-9242-F72A54686224}.Release|iPhone.ActiveCfg = Release|Any CPU
		{6A7F82BF-64C5-4E17-9242-F72A54686224}.Release|iPhone.Build.0 = Release|Any CPU
		{6A7F82BF-64C5-4E17-9242-F72A54686224}.Release|iPhone.Deploy.0 = Release|Any CPU
		{6A7F82BF-64C5-4E17-9242-F72A54686224}.Release|iPhoneSimulator.ActiveCfg = Release|Any CPU
		{6A7F82BF-64C5-4E17-9242-F72A54686224}.Release|iPhoneSimulator.Build.0 = Release|Any CPU
		{6A7F82BF-64C5-4E17-9242-F72A54686224}.Release|iPhoneSimulator.Deploy.0 = Release|Any CPU
		{AE0FE3EA-A701-445C-822B-17A3603AA9DC}.Debug|Any CPU.ActiveCfg = Debug|iPhone
		{AE0FE3EA-A701-445C-822B-17A3603AA9DC}.Debug|Any CPU.Build.0 = Debug|iPhone
		{AE0FE3EA-A701-445C-822B-17A3603AA9DC}.Debug|Any CPU.Deploy.0 = Debug|iPhone
		{AE0FE3EA-A701-445C-822B-17A3603AA9DC}.Debug|iPhone.ActiveCfg = Debug|iPhone
		{AE0FE3EA-A701-445C-822B-17A3603AA9DC}.Debug|iPhone.Build.0 = Debug|iPhone
		{AE0FE3EA-A701-445C-822B-17A3603AA9DC}.Debug|iPhone.Deploy.0 = Debug|iPhone
		{AE0FE3EA-A701-445C-822B-17A3603AA9DC}.Debug|iPhoneSimulator.ActiveCfg = Debug|iPhoneSimulator
		{AE0FE3EA-A701-445C-822B-17A3603AA9DC}.Debug|iPhoneSimulator.Build.0 = Debug|iPhoneSimulator
		{AE0FE3EA-A701-445C-822B-17A3603AA9DC}.Debug|iPhoneSimulator.Deploy.0 = Debug|iPhoneSimulator
		{AE0FE3EA-A701-445C-822B-17A3603AA9DC}.Release|Any CPU.ActiveCfg = Release|iPhoneSimulator
		{AE0FE3EA-A701-445C-822B-17A3603AA9DC}.Release|Any CPU.Build.0 = Release|iPhoneSimulator
		{AE0FE3EA-A701-445C-822B-17A3603AA9DC}.Release|Any CPU.Deploy.0 = Release|iPhoneSimulator
		{AE0FE3EA-A701-445C-822B-17A3603AA9DC}.Release|iPhone.ActiveCfg = Release|iPhone
		{AE0FE3EA-A701-445C-822B-17A3603AA9DC}.Release|iPhone.Build.0 = Release|iPhone
		{AE0FE3EA-A701-445C-822B-17A3603AA9DC}.Release|iPhone.Deploy.0 = Release|iPhone
		{AE0FE3EA-A701-445C-822B-17A3603AA9DC}.Release|iPhoneSimulator.ActiveCfg = Release|iPhoneSimulator
		{AE0FE3EA-A701-445C-822B-17A3603AA9DC}.Release|iPhoneSimulator.Build.0 = Release|iPhoneSimulator
		{AE0FE3EA-A701-445C-822B-17A3603AA9DC}.Release|iPhoneSimulator.Deploy.0 = Release|iPhoneSimulator
		{BACBE214-49EA-45A7-AC67-6C4535968260}.Debug|Any CPU.ActiveCfg = Debug|Any CPU
		{BACBE214-49EA-45A7-AC67-6C4535968260}.Debug|Any CPU.Build.0 = Debug|Any CPU
		{BACBE214-49EA-45A7-AC67-6C4535968260}.Debug|Any CPU.Deploy.0 = Debug|Any CPU
		{BACBE214-49EA-45A7-AC67-6C4535968260}.Debug|iPhone.ActiveCfg = Debug|Any CPU
		{BACBE214-49EA-45A7-AC67-6C4535968260}.Debug|iPhone.Build.0 = Debug|Any CPU
		{BACBE214-49EA-45A7-AC67-6C4535968260}.Debug|iPhone.Deploy.0 = Debug|Any CPU
		{BACBE214-49EA-45A7-AC67-6C4535968260}.Debug|iPhoneSimulator.ActiveCfg = Debug|Any CPU
		{BACBE214-49EA-45A7-AC67-6C4535968260}.Debug|iPhoneSimulator.Build.0 = Debug|Any CPU
		{BACBE214-49EA-45A7-AC67-6C4535968260}.Debug|iPhoneSimulator.Deploy.0 = Debug|Any CPU
		{BACBE214-49EA-45A7-AC67-6C4535968260}.Release|Any CPU.ActiveCfg = Release|Any CPU
		{BACBE214-49EA-45A7-AC67-6C4535968260}.Release|Any CPU.Build.0 = Release|Any CPU
		{BACBE214-49EA-45A7-AC67-6C4535968260}.Release|Any CPU.Deploy.0 = Release|Any CPU
		{BACBE214-49EA-45A7-AC67-6C4535968260}.Release|iPhone.ActiveCfg = Release|Any CPU
		{BACBE214-49EA-45A7-AC67-6C4535968260}.Release|iPhone.Build.0 = Release|Any CPU
		{BACBE214-49EA-45A7-AC67-6C4535968260}.Release|iPhone.Deploy.0 = Release|Any CPU
		{BACBE214-49EA-45A7-AC67-6C4535968260}.Release|iPhoneSimulator.ActiveCfg = Release|Any CPU
		{BACBE214-49EA-45A7-AC67-6C4535968260}.Release|iPhoneSimulator.Build.0 = Release|Any CPU
		{BACBE214-49EA-45A7-AC67-6C4535968260}.Release|iPhoneSimulator.Deploy.0 = Release|Any CPU
	EndGlobalSection
	GlobalSection(SolutionProperties) = preSolution
		HideSolutionNode = FALSE
	EndGlobalSection
	GlobalSection(ExtensibilityGlobals) = postSolution
		SolutionGuid = {03A3F07E-1EFA-456C-9605-AABABD83ED4A}
	EndGlobalSection
EndGlobal
